
Microsoft Visual Studio Solution File, Format Version 12.00
# Visual Studio Version 17
VisualStudioVersion = 17.1.32228.430
MinimumVisualStudioVersion = 10.0.40219.1
Project("{FAE04EC0-301F-11D3-BF4B-00C04F79EFBC}") = "201934035_KHS_01", "201934035_KHS_01\201934035_KHS_01.csproj", "{E4EC0478-7B19-4860-8871-D1C28AECA4CC}"
EndProject
Project("{FAE04EC0-301F-11D3-BF4B-00C04F79EFBC}") = "201934035_KHS_02", "201934035_KHS_02\201934035_KHS_02.csproj", "{B94FA1CE-FE9C-4756-8248-6E963A52B059}"
EndProject
Project("{FAE04EC0-301F-11D3-BF4B-00C04F79EFBC}") = "201934035_KHS_03", "201934035_KHS_03\201934035_KHS_03.csproj", "{7674A2FC-0C41-487D-BEF6-E5CEF9D78A3D}"
EndProject
Project("{FAE04EC0-301F-11D3-BF4B-00C04F79EFBC}") = "201934035_KHS_04", "201934035_KHS_04\201934035_KHS_04.csproj", "{2B67091C-F253-46A8-87AD-DB45E326B3EF}"
EndProject
Project("{FAE04EC0-301F-11D3-BF4B-00C04F79EFBC}") = "201934035_KHS_05", "201934035_KHS_05\201934035_KHS_05.csproj", "{E126BDA0-F56C-4E7E-8324-47360DAAEEA7}"
EndProject
Project("{FAE04EC0-301F-11D3-BF4B-00C04F79EFBC}") = "201934035_KHS_06", "201934035_KHS_06\201934035_KHS_06.csproj", "{3CBB8D02-23A1-43EE-9A71-3B1CDB5AD982}"
EndProject
Project("{FAE04EC0-301F-11D3-BF4B-00C04F79EFBC}") = "201934035_KHS_07", "201934035_KHS_07\201934035_KHS_07.csproj", "{B4C62C6C-3401-41CC-A2CC-29B9FDB045F9}"
EndProject
Project("{FAE04EC0-301F-11D3-BF4B-00C04F79EFBC}") = "201934035_KHS_08", "201934035_KHS_08\201934035_KHS_08.csproj", "{3EC41414-CB95-47F2-A7B8-43C7C4B1887F}"
EndProject
Project("{FAE04EC0-301F-11D3-BF4B-00C04F79EFBC}") = "201934035_KHS_09", "201934035_KHS_09\201934035_KHS_09.csproj", "{5790A5DA-7D2E-496F-8835-FBDC3143F994}"
EndProject
Project("{FAE04EC0-301F-11D3-BF4B-00C04F79EFBC}") = "201934035_KHS_10", "201934035_KHS_10\201934035_KHS_10.csproj", "{6206F2B8-E241-4870-B84B-7F6DA927250D}"
EndProject
Project("{FAE04EC0-301F-11D3-BF4B-00C04F79EFBC}") = "201934035_KHS_11", "201934035_KHS_11\201934035_KHS_11.csproj", "{F0956E88-5F88-4061-8F24-890AAB83F5A3}"
EndProject
Project("{FAE04EC0-301F-11D3-BF4B-00C04F79EFBC}") = "201934035_KHS_12", "201934035_KHS_12\201934035_KHS_12.csproj", "{9C3EE448-19C1-4178-9F18-7BD187235051}"
EndProject
Project("{FAE04EC0-301F-11D3-BF4B-00C04F79EFBC}") = "201934035_KHS_13", "201934035_KHS_13\201934035_KHS_13.csproj", "{02F019F8-C92E-43B8-9180-34740F4E128D}"
EndProject
Project("{FAE04EC0-301F-11D3-BF4B-00C04F79EFBC}") = "201934035_KHS_14", "201934035_KHS_14\201934035_KHS_14.csproj", "{27FD5B76-23FB-4087-9C09-7C5DF8D6FA82}"
EndProject
Project("{FAE04EC0-301F-11D3-BF4B-00C04F79EFBC}") = "201934035_KHS_15", "201934035_KHS_15\201934035_KHS_15.csproj", "{F5A6FBD1-17B2-4272-AB60-D6629E1059BC}"
EndProject
Project("{FAE04EC0-301F-11D3-BF4B-00C04F79EFBC}") = "201934035_KHS_16", "201934035_KHS_16\201934035_KHS_16.csproj", "{6DFF4ACE-2BE6-4F3D-8A19-45818F54C584}"
EndProject
Project("{FAE04EC0-301F-11D3-BF4B-00C04F79EFBC}") = "201934035_KHS_17", "201934035_KHS_17\201934035_KHS_17.csproj", "{13CCA5FA-BD7B-45FB-9AB1-C55AF79B5C18}"
EndProject
Project("{FAE04EC0-301F-11D3-BF4B-00C04F79EFBC}") = "201934035_KHS_18", "201934035_KHS_18\201934035_KHS_18.csproj", "{145DE7F7-C0BD-4B89-884D-C55EC53FF46D}"
EndProject
Project("{FAE04EC0-301F-11D3-BF4B-00C04F79EFBC}") = "201934035_KHS_19", "201934035_KHS_19\201934035_KHS_19.csproj", "{37B4A0BB-3E07-4490-B3F5-8C6700C30E72}"
EndProject
Global
	GlobalSection(SolutionConfigurationPlatforms) = preSolution
		Debug|Any CPU = Debug|Any CPU
		Release|Any CPU = Release|Any CPU
	EndGlobalSection
	GlobalSection(ProjectConfigurationPlatforms) = postSolution
		{E4EC0478-7B19-4860-8871-D1C28AECA4CC}.Debug|Any CPU.ActiveCfg = Debug|Any CPU
		{E4EC0478-7B19-4860-8871-D1C28AECA4CC}.Debug|Any CPU.Build.0 = Debug|Any CPU
		{E4EC0478-7B19-4860-8871-D1C28AECA4CC}.Release|Any CPU.ActiveCfg = Release|Any CPU
		{E4EC0478-7B19-4860-8871-D1C28AECA4CC}.Release|Any CPU.Build.0 = Release|Any CPU
		{B94FA1CE-FE9C-4756-8248-6E963A52B059}.Debug|Any CPU.ActiveCfg = Debug|Any CPU
		{B94FA1CE-FE9C-4756-8248-6E963A52B059}.Debug|Any CPU.Build.0 = Debug|Any CPU
		{B94FA1CE-FE9C-4756-8248-6E963A52B059}.Release|Any CPU.ActiveCfg = Release|Any CPU
		{B94FA1CE-FE9C-4756-8248-6E963A52B059}.Release|Any CPU.Build.0 = Release|Any CPU
		{7674A2FC-0C41-487D-BEF6-E5CEF9D78A3D}.Debug|Any CPU.ActiveCfg = Debug|Any CPU
		{7674A2FC-0C41-487D-BEF6-E5CEF9D78A3D}.Debug|Any CPU.Build.0 = Debug|Any CPU
		{7674A2FC-0C41-487D-BEF6-E5CEF9D78A3D}.Release|Any CPU.ActiveCfg = Release|Any CPU
		{7674A2FC-0C41-487D-BEF6-E5CEF9D78A3D}.Release|Any CPU.Build.0 = Release|Any CPU
		{2B67091C-F253-46A8-87AD-DB45E326B3EF}.Debug|Any CPU.ActiveCfg = Debug|Any CPU
		{2B67091C-F253-46A8-87AD-DB45E326B3EF}.Debug|Any CPU.Build.0 = Debug|Any CPU
		{2B67091C-F253-46A8-87AD-DB45E326B3EF}.Release|Any CPU.ActiveCfg = Release|Any CPU
		{2B67091C-F253-46A8-87AD-DB45E326B3EF}.Release|Any CPU.Build.0 = Release|Any CPU
		{E126BDA0-F56C-4E7E-8324-47360DAAEEA7}.Debug|Any CPU.ActiveCfg = Debug|Any CPU
		{E126BDA0-F56C-4E7E-8324-47360DAAEEA7}.Debug|Any CPU.Build.0 = Debug|Any CPU
		{E126BDA0-F56C-4E7E-8324-47360DAAEEA7}.Release|Any CPU.ActiveCfg = Release|Any CPU
		{E126BDA0-F56C-4E7E-8324-47360DAAEEA7}.Release|Any CPU.Build.0 = Release|Any CPU
		{3CBB8D02-23A1-43EE-9A71-3B1CDB5AD982}.Debug|Any CPU.ActiveCfg = Debug|Any CPU
		{3CBB8D02-23A1-43EE-9A71-3B1CDB5AD982}.Debug|Any CPU.Build.0 = Debug|Any CPU
		{3CBB8D02-23A1-43EE-9A71-3B1CDB5AD982}.Release|Any CPU.ActiveCfg = Release|Any CPU
		{3CBB8D02-23A1-43EE-9A71-3B1CDB5AD982}.Release|Any CPU.Build.0 = Release|Any CPU
		{B4C62C6C-3401-41CC-A2CC-29B9FDB045F9}.Debug|Any CPU.ActiveCfg = Debug|Any CPU
		{B4C62C6C-3401-41CC-A2CC-29B9FDB045F9}.Debug|Any CPU.Build.0 = Debug|Any CPU
		{B4C62C6C-3401-41CC-A2CC-29B9FDB045F9}.Release|Any CPU.ActiveCfg = Release|Any CPU
		{B4C62C6C-3401-41CC-A2CC-29B9FDB045F9}.Release|Any CPU.Build.0 = Release|Any CPU
		{3EC41414-CB95-47F2-A7B8-43C7C4B1887F}.Debug|Any CPU.ActiveCfg = Debug|Any CPU
		{3EC41414-CB95-47F2-A7B8-43C7C4B1887F}.Debug|Any CPU.Build.0 = Debug|Any CPU
		{3EC41414-CB95-47F2-A7B8-43C7C4B1887F}.Release|Any CPU.ActiveCfg = Release|Any CPU
		{3EC41414-CB95-47F2-A7B8-43C7C4B1887F}.Release|Any CPU.Build.0 = Release|Any CPU
		{5790A5DA-7D2E-496F-8835-FBDC3143F994}.Debug|Any CPU.ActiveCfg = Debug|Any CPU
		{5790A5DA-7D2E-496F-8835-FBDC3143F994}.Debug|Any CPU.Build.0 = Debug|Any CPU
		{5790A5DA-7D2E-496F-8835-FBDC3143F994}.Release|Any CPU.ActiveCfg = Release|Any CPU
		{5790A5DA-7D2E-496F-8835-FBDC3143F994}.Release|Any CPU.Build.0 = Release|Any CPU
		{6206F2B8-E241-4870-B84B-7F6DA927250D}.Debug|Any CPU.ActiveCfg = Debug|Any CPU
		{6206F2B8-E241-4870-B84B-7F6DA927250D}.Debug|Any CPU.Build.0 = Debug|Any CPU
		{6206F2B8-E241-4870-B84B-7F6DA927250D}.Release|Any CPU.ActiveCfg = Release|Any CPU
		{6206F2B8-E241-4870-B84B-7F6DA927250D}.Release|Any CPU.Build.0 = Release|Any CPU
		{F0956E88-5F88-4061-8F24-890AAB83F5A3}.Debug|Any CPU.ActiveCfg = Debug|Any CPU
		{F0956E88-5F88-4061-8F24-890AAB83F5A3}.Debug|Any CPU.Build.0 = Debug|Any CPU
		{F0956E88-5F88-4061-8F24-890AAB83F5A3}.Release|Any CPU.ActiveCfg = Release|Any CPU
		{F0956E88-5F88-4061-8F24-890AAB83F5A3}.Release|Any CPU.Build.0 = Release|Any CPU
		{9C3EE448-19C1-4178-9F18-7BD187235051}.Debug|Any CPU.ActiveCfg = Debug|Any CPU
		{9C3EE448-19C1-4178-9F18-7BD187235051}.Debug|Any CPU.Build.0 = Debug|Any CPU
		{9C3EE448-19C1-4178-9F18-7BD187235051}.Release|Any CPU.ActiveCfg = Release|Any CPU
		{9C3EE448-19C1-4178-9F18-7BD187235051}.Release|Any CPU.Build.0 = Release|Any CPU
		{02F019F8-C92E-43B8-9180-34740F4E128D}.Debug|Any CPU.ActiveCfg = Debug|Any CPU
		{02F019F8-C92E-43B8-9180-34740F4E128D}.Debug|Any CPU.Build.0 = Debug|Any CPU
		{02F019F8-C92E-43B8-9180-34740F4E128D}.Release|Any CPU.ActiveCfg = Release|Any CPU
		{02F019F8-C92E-43B8-9180-34740F4E128D}.Release|Any CPU.Build.0 = Release|Any CPU
		{27FD5B76-23FB-4087-9C09-7C5DF8D6FA82}.Debug|Any CPU.ActiveCfg = Debug|Any CPU
		{27FD5B76-23FB-4087-9C09-7C5DF8D6FA82}.Debug|Any CPU.Build.0 = Debug|Any CPU
		{27FD5B76-23FB-4087-9C09-7C5DF8D6FA82}.Release|Any CPU.ActiveCfg = Release|Any CPU
		{27FD5B76-23FB-4087-9C09-7C5DF8D6FA82}.Release|Any CPU.Build.0 = Release|Any CPU
		{F5A6FBD1-17B2-4272-AB60-D6629E1059BC}.Debug|Any CPU.ActiveCfg = Debug|Any CPU
		{F5A6FBD1-17B2-4272-AB60-D6629E1059BC}.Debug|Any CPU.Build.0 = Debug|Any CPU
		{F5A6FBD1-17B2-4272-AB60-D6629E1059BC}.Release|Any CPU.ActiveCfg = Release|Any CPU
		{F5A6FBD1-17B2-4272-AB60-D6629E1059BC}.Release|Any CPU.Build.0 = Release|Any CPU
		{6DFF4ACE-2BE6-4F3D-8A19-45818F54C584}.Debug|Any CPU.ActiveCfg = Debug|Any CPU
		{6DFF4ACE-2BE6-4F3D-8A19-45818F54C584}.Debug|Any CPU.Build.0 = Debug|Any CPU
		{6DFF4ACE-2BE6-4F3D-8A19-45818F54C584}.Release|Any CPU.ActiveCfg = Release|Any CPU
		{6DFF4ACE-2BE6-4F3D-8A19-45818F54C584}.Release|Any CPU.Build.0 = Release|Any CPU
		{13CCA5FA-BD7B-45FB-9AB1-C55AF79B5C18}.Debug|Any CPU.ActiveCfg = Debug|Any CPU
		{13CCA5FA-BD7B-45FB-9AB1-C55AF79B5C18}.Debug|Any CPU.Build.0 = Debug|Any CPU
		{13CCA5FA-BD7B-45FB-9AB1-C55AF79B5C18}.Release|Any CPU.ActiveCfg = Release|Any CPU
		{13CCA5FA-BD7B-45FB-9AB1-C55AF79B5C18}.Release|Any CPU.Build.0 = Release|Any CPU
		{145DE7F7-C0BD-4B89-884D-C55EC53FF46D}.Debug|Any CPU.ActiveCfg = Debug|Any CPU
		{145DE7F7-C0BD-4B89-884D-C55EC53FF46D}.Debug|Any CPU.Build.0 = Debug|Any CPU
		{145DE7F7-C0BD-4B89-884D-C55EC53FF46D}.Release|Any CPU.ActiveCfg = Release|Any CPU
		{145DE7F7-C0BD-4B89-884D-C55EC53FF46D}.Release|Any CPU.Build.0 = Release|Any CPU
		{37B4A0BB-3E07-4490-B3F5-8C6700C30E72}.Debug|Any CPU.ActiveCfg = Debug|Any CPU
		{37B4A0BB-3E07-4490-B3F5-8C6700C30E72}.Debug|Any CPU.Build.0 = Debug|Any CPU
		{37B4A0BB-3E07-4490-B3F5-8C6700C30E72}.Release|Any CPU.ActiveCfg = Release|Any CPU
		{37B4A0BB-3E07-4490-B3F5-8C6700C30E72}.Release|Any CPU.Build.0 = Release|Any CPU
	EndGlobalSection
	GlobalSection(SolutionProperties) = preSolution
		HideSolutionNode = FALSE
	EndGlobalSection
	GlobalSection(ExtensibilityGlobals) = postSolution
		SolutionGuid = {BA2A8E74-C175-4119-9A21-53724E29592F}
	EndGlobalSection
EndGlobal
